
Microsoft Visual Studio Solution File, Format Version 12.00
# Visual Studio Version 17
VisualStudioVersion = 17.4.33213.308
MinimumVisualStudioVersion = 10.0.40219.1
Project("{9A19103F-16F7-4668-BE54-9A1E7A4F7556}") = "DAL", "DAL\DAL.csproj", "{F7D81F5E-3BFC-44DC-89B0-5A27438DC376}"
EndProject
Project("{9A19103F-16F7-4668-BE54-9A1E7A4F7556}") = "Entites", "Entites\Entites.csproj", "{4A8C950C-CB55-4D75-B39A-22A4ADBF8088}"
EndProject
Project("{9A19103F-16F7-4668-BE54-9A1E7A4F7556}") = "ApplicationBiohypnos", "ApplicationBiohypnos\ApplicationBiohypnos.csproj", "{0016EE25-ADAF-4586-8C60-9991EFA702CC}"
EndProject
Global
	GlobalSection(SolutionConfigurationPlatforms) = preSolution
		Debug|Any CPU = Debug|Any CPU
		Release|Any CPU = Release|Any CPU
	EndGlobalSection
	GlobalSection(ProjectConfigurationPlatforms) = postSolution
		{F7D81F5E-3BFC-44DC-89B0-5A27438DC376}.Debug|Any CPU.ActiveCfg = Debug|Any CPU
		{F7D81F5E-3BFC-44DC-89B0-5A27438DC376}.Debug|Any CPU.Build.0 = Debug|Any CPU
		{F7D81F5E-3BFC-44DC-89B0-5A27438DC376}.Release|Any CPU.ActiveCfg = Release|Any CPU
		{F7D81F5E-3BFC-44DC-89B0-5A27438DC376}.Release|Any CPU.Build.0 = Release|Any CPU
		{4A8C950C-CB55-4D75-B39A-22A4ADBF8088}.Debug|Any CPU.ActiveCfg = Debug|Any CPU
		{4A8C950C-CB55-4D75-B39A-22A4ADBF8088}.Debug|Any CPU.Build.0 = Debug|Any CPU
		{4A8C950C-CB55-4D75-B39A-22A4ADBF8088}.Release|Any CPU.ActiveCfg = Release|Any CPU
		{4A8C950C-CB55-4D75-B39A-22A4ADBF8088}.Release|Any CPU.Build.0 = Release|Any CPU
		{0016EE25-ADAF-4586-8C60-9991EFA702CC}.Debug|Any CPU.ActiveCfg = Debug|Any CPU
		{0016EE25-ADAF-4586-8C60-9991EFA702CC}.Debug|Any CPU.Build.0 = Debug|Any CPU
		{0016EE25-ADAF-4586-8C60-9991EFA702CC}.Release|Any CPU.ActiveCfg = Release|Any CPU
		{0016EE25-ADAF-4586-8C60-9991EFA702CC}.Release|Any CPU.Build.0 = Release|Any CPU
	EndGlobalSection
	GlobalSection(SolutionProperties) = preSolution
		HideSolutionNode = FALSE
	EndGlobalSection
	GlobalSection(ExtensibilityGlobals) = postSolution
		SolutionGuid = {3D644AAC-80D6-451F-88F6-849C533D9773}
	EndGlobalSection
EndGlobal
